
Microsoft Visual Studio Solution File, Format Version 12.00
# Visual Studio Version 17
VisualStudioVersion = 17.11.35327.3
MinimumVisualStudioVersion = 10.0.40219.1
Project("{FAE04EC0-301F-11D3-BF4B-00C04F79EFBC}") = "AppDelivery", "AppDelivery\AppDelivery.csproj", "{A5F41539-69BD-4A16-806A-67F11C0E059A}"
EndProject
Global
	GlobalSection(SolutionConfigurationPlatforms) = preSolution
		Debug|Any CPU = Debug|Any CPU
		Release|Any CPU = Release|Any CPU
	EndGlobalSection
	GlobalSection(ProjectConfigurationPlatforms) = postSolution
		{A5F41539-69BD-4A16-806A-67F11C0E059A}.Debug|Any CPU.ActiveCfg = Debug|Any CPU
		{A5F41539-69BD-4A16-806A-67F11C0E059A}.Debug|Any CPU.Build.0 = Debug|Any CPU
		{A5F41539-69BD-4A16-806A-67F11C0E059A}.Release|Any CPU.ActiveCfg = Release|Any CPU
		{A5F41539-69BD-4A16-806A-67F11C0E059A}.Release|Any CPU.Build.0 = Release|Any CPU
	EndGlobalSection
	GlobalSection(SolutionProperties) = preSolution
		HideSolutionNode = FALSE
	EndGlobalSection
	GlobalSection(ExtensibilityGlobals) = postSolution
		SolutionGuid = {5C1427CB-8B9F-4F6D-B532-530819D00ED4}
	EndGlobalSection
EndGlobal
